// !$*UTF8*$!
{
	archiveVersion = 1;
	classes = {
	};
	objectVersion = 52;
	objects = {

/* Begin PBXBuildFile section */
		3A05F079FD8ED95600C00E09 /* NSEventExtensions.swift in Sources */ = {isa = PBXBuildFile; fileRef = 3A05FE1708B1B3E267E75950 /* NSEventExtensions.swift */; };
		3A05F0D44C56AF54405AF0C8 /* README.md in Sources */ = {isa = PBXBuildFile; fileRef = 3A05F569906D4FC793ED3B11 /* README.md */; };
		3A05F16312AEFBD25670304B /* Assets.xcassets in Resources */ = {isa = PBXBuildFile; fileRef = 3A05FE513B0F76D50EE9A90B /* Assets.xcassets */; };
		3A05F319D3B6EACC3882AF88 /* UserDefaultSettings.swift in Sources */ = {isa = PBXBuildFile; fileRef = 3A05F135761A1F95B691AC9F /* UserDefaultSettings.swift */; };
		3A05FBC07A5CF3CCC2701FBC /* AppSettings.swift in Sources */ = {isa = PBXBuildFile; fileRef = 3A05F3535C3D4AB6303DEDA5 /* AppSettings.swift */; };
		3A05FCF2E46CD3CFEAB29839 /* NotificationView.swift in Sources */ = {isa = PBXBuildFile; fileRef = 3A05F1218D99BE11708A20CF /* NotificationView.swift */; };
		89A0BDDB280E7F8800AAA111 /* MainMenu.xib in Resources */ = {isa = PBXBuildFile; fileRef = 89A0BDDA280E7F8800AAA111 /* MainMenu.xib */; };
		89CB806827A312340065CA70 /* LaunchAtLogin in Frameworks */ = {isa = PBXBuildFile; productRef = 89CB806727A312340065CA70 /* LaunchAtLogin */; };
		89CB807D27A312F10065CA70 /* ViewExtensions.swift in Sources */ = {isa = PBXBuildFile; fileRef = 89CB807527A312F10065CA70 /* ViewExtensions.swift */; };
		89CB807E27A312F10065CA70 /* AboutView.swift in Sources */ = {isa = PBXBuildFile; fileRef = 89CB807727A312F10065CA70 /* AboutView.swift */; };
		89CB807F27A312F10065CA70 /* StatusBarController.swift in Sources */ = {isa = PBXBuildFile; fileRef = 89CB807827A312F10065CA70 /* StatusBarController.swift */; };
		89CB808027A312F10065CA70 /* AppItemView.swift in Sources */ = {isa = PBXBuildFile; fileRef = 89CB807927A312F10065CA70 /* AppItemView.swift */; };
		89CB808127A312F10065CA70 /* ApplicationListView.swift in Sources */ = {isa = PBXBuildFile; fileRef = 89CB807A27A312F10065CA70 /* ApplicationListView.swift */; };
		89CB808227A312F10065CA70 /* MonitorEngine.swift in Sources */ = {isa = PBXBuildFile; fileRef = 89CB807C27A312F10065CA70 /* MonitorEngine.swift */; };
		89CB808527A313650065CA70 /* AppDelegate.swift in Sources */ = {isa = PBXBuildFile; fileRef = 89CB808327A313650065CA70 /* AppDelegate.swift */; };
		89CB808627A313650065CA70 /* DollApplication.swift in Sources */ = {isa = PBXBuildFile; fileRef = 89CB808427A313650065CA70 /* DollApplication.swift */; };
		89CB808A27A36A1F0065CA70 /* Localizable.strings in Resources */ = {isa = PBXBuildFile; fileRef = 89CB808C27A36A1F0065CA70 /* Localizable.strings */; };
		B09C303728536AF9004CC54F /* Monitor in Frameworks */ = {isa = PBXBuildFile; productRef = B09C303628536AF9004CC54F /* Monitor */; };
		B09C303928536AF9004CC54F /* Utils in Frameworks */ = {isa = PBXBuildFile; productRef = B09C303828536AF9004CC54F /* Utils */; };
		B09C303B285380DC004CC54F /* ConfigView.swift in Sources */ = {isa = PBXBuildFile; fileRef = B09C303A285380DC004CC54F /* ConfigView.swift */; };
		B0CC3C83285393B0006F6361 /* MonitorConfigView.swift in Sources */ = {isa = PBXBuildFile; fileRef = B0CC3C82285393B0006F6361 /* MonitorConfigView.swift */; };
		B0CC3C862854745B006F6361 /* Introspect in Frameworks */ = {isa = PBXBuildFile; productRef = B0CC3C852854745B006F6361 /* Introspect */; };
		B0CC3C8828547594006F6361 /* Utils.swift in Sources */ = {isa = PBXBuildFile; fileRef = B0CC3C8728547594006F6361 /* Utils.swift */; };
/* End PBXBuildFile section */

/* Begin PBXFileReference section */
		3A05F1218D99BE11708A20CF /* NotificationView.swift */ = {isa = PBXFileReference; fileEncoding = 4; lastKnownFileType = sourcecode.swift; path = NotificationView.swift; sourceTree = "<group>"; };
		3A05F135761A1F95B691AC9F /* UserDefaultSettings.swift */ = {isa = PBXFileReference; fileEncoding = 4; lastKnownFileType = sourcecode.swift; path = UserDefaultSettings.swift; sourceTree = "<group>"; };
		3A05F3535C3D4AB6303DEDA5 /* AppSettings.swift */ = {isa = PBXFileReference; fileEncoding = 4; lastKnownFileType = sourcecode.swift; path = AppSettings.swift; sourceTree = "<group>"; };
		3A05F569906D4FC793ED3B11 /* README.md */ = {isa = PBXFileReference; fileEncoding = 4; lastKnownFileType = net.daringfireball.markdown; name = README.md; path = Doll/README.md; sourceTree = "<group>"; };
		3A05F88D951B0284A8B90FF0 /* Doll.app */ = {isa = PBXFileReference; explicitFileType = wrapper.application; includeInIndex = 0; path = Doll.app; sourceTree = BUILT_PRODUCTS_DIR; };
		3A05FE1708B1B3E267E75950 /* NSEventExtensions.swift */ = {isa = PBXFileReference; fileEncoding = 4; lastKnownFileType = sourcecode.swift; path = NSEventExtensions.swift; sourceTree = "<group>"; };
		3A05FE513B0F76D50EE9A90B /* Assets.xcassets */ = {isa = PBXFileReference; lastKnownFileType = folder.assetcatalog; path = Assets.xcassets; sourceTree = "<group>"; };
		3A05FF26C7DEDD4C5CBF1E98 /* Doll.entitlements */ = {isa = PBXFileReference; lastKnownFileType = text.plist.entitlements; path = Doll.entitlements; sourceTree = "<group>"; };
		89A0BDDA280E7F8800AAA111 /* MainMenu.xib */ = {isa = PBXFileReference; lastKnownFileType = file.xib; path = MainMenu.xib; sourceTree = "<group>"; };
		89CB806427A311400065CA70 /* MonitorCore */ = {isa = PBXFileReference; lastKnownFileType = wrapper; path = MonitorCore; sourceTree = "<group>"; };
		89CB807527A312F10065CA70 /* ViewExtensions.swift */ = {isa = PBXFileReference; fileEncoding = 4; lastKnownFileType = sourcecode.swift; path = ViewExtensions.swift; sourceTree = "<group>"; };
		89CB807727A312F10065CA70 /* AboutView.swift */ = {isa = PBXFileReference; fileEncoding = 4; lastKnownFileType = sourcecode.swift; path = AboutView.swift; sourceTree = "<group>"; };
		89CB807827A312F10065CA70 /* StatusBarController.swift */ = {isa = PBXFileReference; fileEncoding = 4; lastKnownFileType = sourcecode.swift; path = StatusBarController.swift; sourceTree = "<group>"; };
		89CB807927A312F10065CA70 /* AppItemView.swift */ = {isa = PBXFileReference; fileEncoding = 4; lastKnownFileType = sourcecode.swift; path = AppItemView.swift; sourceTree = "<group>"; };
		89CB807A27A312F10065CA70 /* ApplicationListView.swift */ = {isa = PBXFileReference; fileEncoding = 4; lastKnownFileType = sourcecode.swift; path = ApplicationListView.swift; sourceTree = "<group>"; };
		89CB807C27A312F10065CA70 /* MonitorEngine.swift */ = {isa = PBXFileReference; fileEncoding = 4; lastKnownFileType = sourcecode.swift; path = MonitorEngine.swift; sourceTree = "<group>"; };
		89CB808327A313650065CA70 /* AppDelegate.swift */ = {isa = PBXFileReference; fileEncoding = 4; lastKnownFileType = sourcecode.swift; path = AppDelegate.swift; sourceTree = "<group>"; };
		89CB808427A313650065CA70 /* DollApplication.swift */ = {isa = PBXFileReference; fileEncoding = 4; lastKnownFileType = sourcecode.swift; path = DollApplication.swift; sourceTree = "<group>"; };
		89CB808727A336720065CA70 /* Info.plist */ = {isa = PBXFileReference; lastKnownFileType = text.plist.xml; path = Info.plist; sourceTree = "<group>"; };
		89CB808B27A36A1F0065CA70 /* en */ = {isa = PBXFileReference; lastKnownFileType = text.plist.strings; name = en; path = en.lproj/Localizable.strings; sourceTree = "<group>"; };
		89CB808D27A36A780065CA70 /* zh-Hans */ = {isa = PBXFileReference; lastKnownFileType = text.plist.strings; name = "zh-Hans"; path = "zh-Hans.lproj/Localizable.strings"; sourceTree = "<group>"; };
		B09C303528536AEC004CC54F /* MonitorCore */ = {isa = PBXFileReference; lastKnownFileType = wrapper; path = MonitorCore; sourceTree = "<group>"; };
		B09C303A285380DC004CC54F /* ConfigView.swift */ = {isa = PBXFileReference; lastKnownFileType = sourcecode.swift; path = ConfigView.swift; sourceTree = "<group>"; };
		B0CC3C82285393B0006F6361 /* MonitorConfigView.swift */ = {isa = PBXFileReference; lastKnownFileType = sourcecode.swift; path = MonitorConfigView.swift; sourceTree = "<group>"; };
		B0CC3C8728547594006F6361 /* Utils.swift */ = {isa = PBXFileReference; lastKnownFileType = sourcecode.swift; path = Utils.swift; sourceTree = "<group>"; };
/* End PBXFileReference section */

/* Begin PBXFrameworksBuildPhase section */
		3A05FEA1BE770F0DBC6085F1 /* Frameworks */ = {
			isa = PBXFrameworksBuildPhase;
			buildActionMask = 2147483647;
			files = (
				B09C303928536AF9004CC54F /* Utils in Frameworks */,
				B0CC3C862854745B006F6361 /* Introspect in Frameworks */,
				89CB806827A312340065CA70 /* LaunchAtLogin in Frameworks */,
				B09C303728536AF9004CC54F /* Monitor in Frameworks */,
			);
			runOnlyForDeploymentPostprocessing = 0;
		};
/* End PBXFrameworksBuildPhase section */

/* Begin PBXGroup section */
		3A05F354614726EB3883F97A /* Products */ = {
			isa = PBXGroup;
			children = (
				3A05F88D951B0284A8B90FF0 /* Doll.app */,
				3A05F569906D4FC793ED3B11 /* README.md */,
			);
			name = Products;
			sourceTree = "<group>";
		};
		3A05FCDB996876E4D4AF7ADF /* Doll */ = {
			isa = PBXGroup;
			children = (
				89CB808327A313650065CA70 /* AppDelegate.swift */,
				89CB808427A313650065CA70 /* DollApplication.swift */,
				89CB807B27A312F10065CA70 /* Source */,
				89CB807427A312F10065CA70 /* Utils */,
				89CB807627A312F10065CA70 /* Views */,
				89CB808727A336720065CA70 /* Info.plist */,
				3A05FE513B0F76D50EE9A90B /* Assets.xcassets */,
				3A05FF26C7DEDD4C5CBF1E98 /* Doll.entitlements */,
				89CB808C27A36A1F0065CA70 /* Localizable.strings */,
				89A0BDDA280E7F8800AAA111 /* MainMenu.xib */,
			);
			path = Doll;
			sourceTree = "<group>";
		};
		3A05FCDDC5EF87DE55A19459 = {
			isa = PBXGroup;
			children = (
				89CB806327A311400065CA70 /* Packages */,
				3A05F354614726EB3883F97A /* Products */,
				3A05FCDB996876E4D4AF7ADF /* Doll */,
				89CB806927A312430065CA70 /* Frameworks */,
			);
			sourceTree = "<group>";
		};
		89CB806327A311400065CA70 /* Packages */ = {
			isa = PBXGroup;
			children = (
				89CB806427A311400065CA70 /* MonitorCore */,
				B09C303528536AEC004CC54F /* MonitorCore */,
			);
			name = Packages;
			sourceTree = "<group>";
		};
		89CB806927A312430065CA70 /* Frameworks */ = {
			isa = PBXGroup;
			children = (
			);
			name = Frameworks;
			sourceTree = "<group>";
		};
		89CB807427A312F10065CA70 /* Utils */ = {
			isa = PBXGroup;
			children = (
				89CB807527A312F10065CA70 /* ViewExtensions.swift */,
				3A05F135761A1F95B691AC9F /* UserDefaultSettings.swift */,
				3A05FE1708B1B3E267E75950 /* NSEventExtensions.swift */,
				B0CC3C8728547594006F6361 /* Utils.swift */,
			);
			path = Utils;
			sourceTree = "<group>";
		};
		89CB807627A312F10065CA70 /* Views */ = {
			isa = PBXGroup;
			children = (
				89CB807727A312F10065CA70 /* AboutView.swift */,
				89CB807827A312F10065CA70 /* StatusBarController.swift */,
				89CB807927A312F10065CA70 /* AppItemView.swift */,
				89CB807A27A312F10065CA70 /* ApplicationListView.swift */,
				3A05F1218D99BE11708A20CF /* NotificationView.swift */,
				B09C303A285380DC004CC54F /* ConfigView.swift */,
				B0CC3C82285393B0006F6361 /* MonitorConfigView.swift */,
			);
			path = Views;
			sourceTree = "<group>";
		};
		89CB807B27A312F10065CA70 /* Source */ = {
			isa = PBXGroup;
			children = (
				89CB807C27A312F10065CA70 /* MonitorEngine.swift */,
				3A05F3535C3D4AB6303DEDA5 /* AppSettings.swift */,
			);
			path = Source;
			sourceTree = "<group>";
		};
/* End PBXGroup section */

/* Begin PBXNativeTarget section */
		3A05F6FF4B20991EB5D42E47 /* Doll */ = {
			isa = PBXNativeTarget;
			buildConfigurationList = 3A05F649D9AFC64015430491 /* Build configuration list for PBXNativeTarget "Doll" */;
			buildPhases = (
				3A05F2164E15CE028D0B6532 /* Sources */,
				3A05FEA1BE770F0DBC6085F1 /* Frameworks */,
				3A05FFE86703E797A4EAA492 /* Resources */,
				89CB806527A3115C0065CA70 /* Launch at login */,
			);
			buildRules = (
			);
			dependencies = (
			);
			name = Doll;
			packageProductDependencies = (
				89CB806727A312340065CA70 /* LaunchAtLogin */,
				B09C303628536AF9004CC54F /* Monitor */,
				B09C303828536AF9004CC54F /* Utils */,
				B0CC3C852854745B006F6361 /* Introspect */,
			);
			productName = Doll;
			productReference = 3A05F88D951B0284A8B90FF0 /* Doll.app */;
			productType = "com.apple.product-type.application";
		};
/* End PBXNativeTarget section */

/* Begin PBXProject section */
		3A05F9BE8E1A11CA794BE8E8 /* Project object */ = {
			isa = PBXProject;
			attributes = {
			};
			buildConfigurationList = 3A05F4BC2DFA15F1AC4FCE98 /* Build configuration list for PBXProject "Doll" */;
			compatibilityVersion = "Xcode 3.2";
			developmentRegion = English;
			hasScannedForEncodings = 0;
			knownRegions = (
				English,
				en,
				"zh-Hans",
			);
			mainGroup = 3A05FCDDC5EF87DE55A19459;
			packageReferences = (
				89CB806627A312340065CA70 /* XCRemoteSwiftPackageReference "LaunchAtLogin" */,
				B0CC3C842854745B006F6361 /* XCRemoteSwiftPackageReference "SwiftUI-Introspect" */,
			);
			productRefGroup = 3A05F354614726EB3883F97A /* Products */;
			projectDirPath = "";
			projectRoot = "";
			targets = (
				3A05F6FF4B20991EB5D42E47 /* Doll */,
			);
		};
/* End PBXProject section */

/* Begin PBXResourcesBuildPhase section */
		3A05FFE86703E797A4EAA492 /* Resources */ = {
			isa = PBXResourcesBuildPhase;
			buildActionMask = 2147483647;
			files = (
				3A05F16312AEFBD25670304B /* Assets.xcassets in Resources */,
				89CB808A27A36A1F0065CA70 /* Localizable.strings in Resources */,
				89A0BDDB280E7F8800AAA111 /* MainMenu.xib in Resources */,
			);
			runOnlyForDeploymentPostprocessing = 0;
		};
/* End PBXResourcesBuildPhase section */

/* Begin PBXShellScriptBuildPhase section */
		89CB806527A3115C0065CA70 /* Launch at login */ = {
			isa = PBXShellScriptBuildPhase;
			buildActionMask = 2147483647;
			files = (
			);
			inputFileListPaths = (
			);
			inputPaths = (
			);
			name = "Launch at login";
			outputFileListPaths = (
			);
			outputPaths = (
			);
			runOnlyForDeploymentPostprocessing = 0;
			shellPath = /bin/sh;
			shellScript = "\"${BUILT_PRODUCTS_DIR}/LaunchAtLogin_LaunchAtLogin.bundle/Contents/Resources/copy-helper-swiftpm.sh\"\n";
		};
/* End PBXShellScriptBuildPhase section */

/* Begin PBXSourcesBuildPhase section */
		3A05F2164E15CE028D0B6532 /* Sources */ = {
			isa = PBXSourcesBuildPhase;
			buildActionMask = 2147483647;
			files = (
				89CB808527A313650065CA70 /* AppDelegate.swift in Sources */,
				89CB808127A312F10065CA70 /* ApplicationListView.swift in Sources */,
				89CB807E27A312F10065CA70 /* AboutView.swift in Sources */,
				89CB808027A312F10065CA70 /* AppItemView.swift in Sources */,
				89CB808627A313650065CA70 /* DollApplication.swift in Sources */,
				89CB808227A312F10065CA70 /* MonitorEngine.swift in Sources */,
				B09C303B285380DC004CC54F /* ConfigView.swift in Sources */,
				89CB807D27A312F10065CA70 /* ViewExtensions.swift in Sources */,
				89CB807F27A312F10065CA70 /* StatusBarController.swift in Sources */,
				B0CC3C8828547594006F6361 /* Utils.swift in Sources */,
				3A05FCF2E46CD3CFEAB29839 /* NotificationView.swift in Sources */,
				B0CC3C83285393B0006F6361 /* MonitorConfigView.swift in Sources */,
				3A05F319D3B6EACC3882AF88 /* UserDefaultSettings.swift in Sources */,
				3A05FBC07A5CF3CCC2701FBC /* AppSettings.swift in Sources */,
				3A05F0D44C56AF54405AF0C8 /* README.md in Sources */,
				3A05F079FD8ED95600C00E09 /* NSEventExtensions.swift in Sources */,
			);
			runOnlyForDeploymentPostprocessing = 0;
		};
/* End PBXSourcesBuildPhase section */

/* Begin PBXVariantGroup section */
		89CB808C27A36A1F0065CA70 /* Localizable.strings */ = {
			isa = PBXVariantGroup;
			children = (
				89CB808B27A36A1F0065CA70 /* en */,
				89CB808D27A36A780065CA70 /* zh-Hans */,
			);
			name = Localizable.strings;
			sourceTree = "<group>";
		};
/* End PBXVariantGroup section */

/* Begin XCBuildConfiguration section */
		3A05F14430CEA7FF1E6AEBA3 /* Release */ = {
			isa = XCBuildConfiguration;
			buildSettings = {
				ALWAYS_SEARCH_USER_PATHS = NO;
				CLANG_ANALYZER_NONNULL = YES;
				CLANG_ANALYZER_NUMBER_OBJECT_CONVERSION = YES_AGGRESSIVE;
				CLANG_CXX_LANGUAGE_STANDARD = "gnu++17";
				CLANG_CXX_LIBRARY = "libc++";
				CLANG_ENABLE_MODULES = YES;
				CLANG_ENABLE_OBJC_ARC = YES;
				CLANG_ENABLE_OBJC_WEAK = YES;
				CLANG_WARN_BLOCK_CAPTURE_AUTORELEASING = YES;
				CLANG_WARN_BOOL_CONVERSION = YES;
				CLANG_WARN_COMMA = YES;
				CLANG_WARN_CONSTANT_CONVERSION = YES;
				CLANG_WARN_DEPRECATED_OBJC_IMPLEMENTATIONS = YES;
				CLANG_WARN_DIRECT_OBJC_ISA_USAGE = YES_ERROR;
				CLANG_WARN_DOCUMENTATION_COMMENTS = YES;
				CLANG_WARN_EMPTY_BODY = YES;
				CLANG_WARN_ENUM_CONVERSION = YES;
				CLANG_WARN_INFINITE_RECURSION = YES;
				CLANG_WARN_INT_CONVERSION = YES;
				CLANG_WARN_NON_LITERAL_NULL_CONVERSION = YES;
				CLANG_WARN_OBJC_IMPLICIT_RETAIN_SELF = YES;
				CLANG_WARN_OBJC_LITERAL_CONVERSION = YES;
				CLANG_WARN_OBJC_ROOT_CLASS = YES_ERROR;
				CLANG_WARN_QUOTED_INCLUDE_IN_FRAMEWORK_HEADER = YES;
				CLANG_WARN_RANGE_LOOP_ANALYSIS = YES;
				CLANG_WARN_STRICT_PROTOTYPES = YES;
				CLANG_WARN_SUSPICIOUS_MOVE = YES;
				CLANG_WARN_UNGUARDED_AVAILABILITY = YES_AGGRESSIVE;
				CLANG_WARN_UNREACHABLE_CODE = YES;
				CLANG_WARN__DUPLICATE_METHOD_MATCH = YES;
				COPY_PHASE_STRIP = NO;
				DEBUG_INFORMATION_FORMAT = "dwarf-with-dsym";
				ENABLE_NS_ASSERTIONS = NO;
				ENABLE_STRICT_OBJC_MSGSEND = YES;
				GCC_C_LANGUAGE_STANDARD = gnu11;
				GCC_NO_COMMON_BLOCKS = YES;
				GCC_WARN_64_TO_32_BIT_CONVERSION = YES;
				GCC_WARN_ABOUT_RETURN_TYPE = YES_ERROR;
				GCC_WARN_UNDECLARED_SELECTOR = YES;
				GCC_WARN_UNINITIALIZED_AUTOS = YES_AGGRESSIVE;
				GCC_WARN_UNUSED_FUNCTION = YES;
				GCC_WARN_UNUSED_VARIABLE = YES;
				MACOSX_DEPLOYMENT_TARGET = 11.0;
				MTL_ENABLE_DEBUG_INFO = NO;
				MTL_FAST_MATH = YES;
				SDKROOT = macosx;
				SWIFT_COMPILATION_MODE = wholemodule;
				SWIFT_OPTIMIZATION_LEVEL = "-O";
			};
			name = Release;
		};
		3A05F2AB2E1033C5C0009954 /* Debug */ = {
			isa = XCBuildConfiguration;
			buildSettings = {
				ASSETCATALOG_COMPILER_APPICON_NAME = AppIcon;
				ASSETCATALOG_COMPILER_GLOBAL_ACCENT_COLOR_NAME = AccentColor;
				CODE_SIGN_ENTITLEMENTS = Doll/Doll.entitlements;
				COMBINE_HIDPI_IMAGES = YES;
				CURRENT_PROJECT_VERSION = 1;
				DEVELOPMENT_ASSET_PATHS = "\"Doll/Preview Content\"";
				ENABLE_HARDENED_RUNTIME = YES;
				ENABLE_PREVIEWS = YES;
				GENERATE_INFOPLIST_FILE = YES;
				INFOPLIST_FILE = Doll/Info.plist;
				INFOPLIST_KEY_NSHumanReadableCopyright = "";
				INFOPLIST_KEY_NSPrincipalClass = Doll.DollApplication;
				LD_RUNPATH_SEARCH_PATHS = (
					"$(inherited)",
					"@executable_path/../Frameworks",
				);
				MACOSX_DEPLOYMENT_TARGET = 11.0;
				MARKETING_VERSION = 0.0.5;
				PRODUCT_BUNDLE_IDENTIFIER = com.xiaogd.Doll;
				PRODUCT_NAME = "$(TARGET_NAME)";
				SWIFT_EMIT_LOC_STRINGS = YES;
				SWIFT_VERSION = 5.0;
			};
			name = Debug;
		};
		3A05F778FDC7BEA011B6EE8A /* Release */ = {
			isa = XCBuildConfiguration;
			buildSettings = {
				ASSETCATALOG_COMPILER_APPICON_NAME = AppIcon;
				ASSETCATALOG_COMPILER_GLOBAL_ACCENT_COLOR_NAME = AccentColor;
				CODE_SIGN_ENTITLEMENTS = Doll/Doll.entitlements;
				COMBINE_HIDPI_IMAGES = YES;
				CURRENT_PROJECT_VERSION = 1;
				DEVELOPMENT_ASSET_PATHS = "\"Doll/Preview Content\"";
				ENABLE_HARDENED_RUNTIME = YES;
				ENABLE_PREVIEWS = YES;
				GENERATE_INFOPLIST_FILE = YES;
				INFOPLIST_FILE = Doll/Info.plist;
				INFOPLIST_KEY_NSHumanReadableCopyright = "";
				INFOPLIST_KEY_NSPrincipalClass = Doll.DollApplication;
				LD_RUNPATH_SEARCH_PATHS = (
					"$(inherited)",
					"@executable_path/../Frameworks",
				);
				MACOSX_DEPLOYMENT_TARGET = 11.0;
				MARKETING_VERSION = 0.0.5;
				PRODUCT_BUNDLE_IDENTIFIER = com.xiaogd.Doll;
				PRODUCT_NAME = "$(TARGET_NAME)";
				SWIFT_EMIT_LOC_STRINGS = YES;
				SWIFT_VERSION = 5.0;
			};
			name = Release;
		};
		3A05FD9DEAAD75633890782F /* Debug */ = {
			isa = XCBuildConfiguration;
			buildSettings = {
				ALWAYS_SEARCH_USER_PATHS = NO;
				CLANG_ANALYZER_NONNULL = YES;
				CLANG_ANALYZER_NUMBER_OBJECT_CONVERSION = YES_AGGRESSIVE;
				CLANG_CXX_LANGUAGE_STANDARD = "gnu++17";
				CLANG_CXX_LIBRARY = "libc++";
				CLANG_ENABLE_MODULES = YES;
				CLANG_ENABLE_OBJC_ARC = YES;
				CLANG_ENABLE_OBJC_WEAK = YES;
				CLANG_WARN_BLOCK_CAPTURE_AUTORELEASING = YES;
				CLANG_WARN_BOOL_CONVERSION = YES;
				CLANG_WARN_COMMA = YES;
				CLANG_WARN_CONSTANT_CONVERSION = YES;
				CLANG_WARN_DEPRECATED_OBJC_IMPLEMENTATIONS = YES;
				CLANG_WARN_DIRECT_OBJC_ISA_USAGE = YES_ERROR;
				CLANG_WARN_DOCUMENTATION_COMMENTS = YES;
				CLANG_WARN_EMPTY_BODY = YES;
				CLANG_WARN_ENUM_CONVERSION = YES;
				CLANG_WARN_INFINITE_RECURSION = YES;
				CLANG_WARN_INT_CONVERSION = YES;
				CLANG_WARN_NON_LITERAL_NULL_CONVERSION = YES;
				CLANG_WARN_OBJC_IMPLICIT_RETAIN_SELF = YES;
				CLANG_WARN_OBJC_LITERAL_CONVERSION = YES;
				CLANG_WARN_OBJC_ROOT_CLASS = YES_ERROR;
				CLANG_WARN_QUOTED_INCLUDE_IN_FRAMEWORK_HEADER = YES;
				CLANG_WARN_RANGE_LOOP_ANALYSIS = YES;
				CLANG_WARN_STRICT_PROTOTYPES = YES;
				CLANG_WARN_SUSPICIOUS_MOVE = YES;
				CLANG_WARN_UNGUARDED_AVAILABILITY = YES_AGGRESSIVE;
				CLANG_WARN_UNREACHABLE_CODE = YES;
				CLANG_WARN__DUPLICATE_METHOD_MATCH = YES;
				COPY_PHASE_STRIP = NO;
				DEBUG_INFORMATION_FORMAT = dwarf;
				ENABLE_STRICT_OBJC_MSGSEND = YES;
				ENABLE_TESTABILITY = YES;
				GCC_C_LANGUAGE_STANDARD = gnu11;
				GCC_DYNAMIC_NO_PIC = NO;
				GCC_NO_COMMON_BLOCKS = YES;
				GCC_OPTIMIZATION_LEVEL = 0;
				GCC_PREPROCESSOR_DEFINITIONS = (
					"DEBUG=1",
					"$(inherited)",
				);
				GCC_WARN_64_TO_32_BIT_CONVERSION = YES;
				GCC_WARN_ABOUT_RETURN_TYPE = YES_ERROR;
				GCC_WARN_UNDECLARED_SELECTOR = YES;
				GCC_WARN_UNINITIALIZED_AUTOS = YES_AGGRESSIVE;
				GCC_WARN_UNUSED_FUNCTION = YES;
				GCC_WARN_UNUSED_VARIABLE = YES;
				MACOSX_DEPLOYMENT_TARGET = 11.0;
				MTL_ENABLE_DEBUG_INFO = INCLUDE_SOURCE;
				MTL_FAST_MATH = YES;
				ONLY_ACTIVE_ARCH = YES;
				SDKROOT = macosx;
				SWIFT_ACTIVE_COMPILATION_CONDITIONS = DEBUG;
				SWIFT_OPTIMIZATION_LEVEL = "-Onone";
			};
			name = Debug;
		};
/* End XCBuildConfiguration section */

/* Begin XCConfigurationList section */
		3A05F4BC2DFA15F1AC4FCE98 /* Build configuration list for PBXProject "Doll" */ = {
			isa = XCConfigurationList;
			buildConfigurations = (
				3A05FD9DEAAD75633890782F /* Debug */,
				3A05F14430CEA7FF1E6AEBA3 /* Release */,
			);
			defaultConfigurationIsVisible = 0;
			defaultConfigurationName = Release;
		};
		3A05F649D9AFC64015430491 /* Build configuration list for PBXNativeTarget "Doll" */ = {
			isa = XCConfigurationList;
			buildConfigurations = (
				3A05F2AB2E1033C5C0009954 /* Debug */,
				3A05F778FDC7BEA011B6EE8A /* Release */,
			);
			defaultConfigurationIsVisible = 0;
			defaultConfigurationName = Release;
		};
/* End XCConfigurationList section */

/* Begin XCRemoteSwiftPackageReference section */
		89CB806627A312340065CA70 /* XCRemoteSwiftPackageReference "LaunchAtLogin" */ = {
			isa = XCRemoteSwiftPackageReference;
			repositoryURL = "https://github.com/sindresorhus/LaunchAtLogin";
			requirement = {
				branch = main;
				kind = branch;
			};
		};
		B0CC3C842854745B006F6361 /* XCRemoteSwiftPackageReference "SwiftUI-Introspect" */ = {
			isa = XCRemoteSwiftPackageReference;
			repositoryURL = "git@github.com:siteline/SwiftUI-Introspect.git";
			requirement = {
				kind = upToNextMajorVersion;
				minimumVersion = 0.1.4;
			};
		};
/* End XCRemoteSwiftPackageReference section */

/* Begin XCSwiftPackageProductDependency section */
		89CB806727A312340065CA70 /* LaunchAtLogin */ = {
			isa = XCSwiftPackageProductDependency;
			package = 89CB806627A312340065CA70 /* XCRemoteSwiftPackageReference "LaunchAtLogin" */;
			productName = LaunchAtLogin;
		};
		B09C303628536AF9004CC54F /* Monitor */ = {
			isa = XCSwiftPackageProductDependency;
			productName = Monitor;
		};
		B09C303828536AF9004CC54F /* Utils */ = {
			isa = XCSwiftPackageProductDependency;
			productName = Utils;
		};
		B0CC3C852854745B006F6361 /* Introspect */ = {
			isa = XCSwiftPackageProductDependency;
			package = B0CC3C842854745B006F6361 /* XCRemoteSwiftPackageReference "SwiftUI-Introspect" */;
			productName = Introspect;
		};
/* End XCSwiftPackageProductDependency section */
	};
	rootObject = 3A05F9BE8E1A11CA794BE8E8 /* Project object */;
}
